// !$*UTF8*$!
{
	archiveVersion = 1;
	classes = {
	};
	objectVersion = 46;
	objects = {

/* Begin PBXBuildFile section */
		ADEF041F1DD99509007D1E55 /* AppDelegate.swift in Sources */ = {isa = PBXBuildFile; fileRef = ADEF041E1DD99509007D1E55 /* AppDelegate.swift */; };
		ADEF04211DD99509007D1E55 /* ViewController.swift in Sources */ = {isa = PBXBuildFile; fileRef = ADEF04201DD99509007D1E55 /* ViewController.swift */; };
		ADEF04241DD99509007D1E55 /* Main.storyboard in Resources */ = {isa = PBXBuildFile; fileRef = ADEF04221DD99509007D1E55 /* Main.storyboard */; };
		ADEF04261DD99509007D1E55 /* Assets.xcassets in Resources */ = {isa = PBXBuildFile; fileRef = ADEF04251DD99509007D1E55 /* Assets.xcassets */; };
		ADEF04291DD99509007D1E55 /* LaunchScreen.storyboard in Resources */ = {isa = PBXBuildFile; fileRef = ADEF04271DD99509007D1E55 /* LaunchScreen.storyboard */; };
		ADEF04311DD99AD9007D1E55 /* InterducePageViewController.swift in Sources */ = {isa = PBXBuildFile; fileRef = ADEF04301DD99AD9007D1E55 /* InterducePageViewController.swift */; };
		ADEF04551DDEB5DA007D1E55 /* EditViewController.swift in Sources */ = {isa = PBXBuildFile; fileRef = ADEF04541DDEB5DA007D1E55 /* EditViewController.swift */; };
/* End PBXBuildFile section */

/* Begin PBXFileReference section */
		ADEF041B1DD99509007D1E55 /* PostData.app */ = {isa = PBXFileReference; explicitFileType = wrapper.application; includeInIndex = 0; path = PostData.app; sourceTree = BUILT_PRODUCTS_DIR; };
		ADEF041E1DD99509007D1E55 /* AppDelegate.swift */ = {isa = PBXFileReference; lastKnownFileType = sourcecode.swift; path = AppDelegate.swift; sourceTree = "<group>"; };
		ADEF04201DD99509007D1E55 /* ViewController.swift */ = {isa = PBXFileReference; lastKnownFileType = sourcecode.swift; path = ViewController.swift; sourceTree = "<group>"; };
		ADEF04231DD99509007D1E55 /* Base */ = {isa = PBXFileReference; lastKnownFileType = file.storyboard; name = Base; path = Base.lproj/Main.storyboard; sourceTree = "<group>"; };
		ADEF04251DD99509007D1E55 /* Assets.xcassets */ = {isa = PBXFileReference; lastKnownFileType = folder.assetcatalog; path = Assets.xcassets; sourceTree = "<group>"; };
		ADEF04281DD99509007D1E55 /* Base */ = {isa = PBXFileReference; lastKnownFileType = file.storyboard; name = Base; path = Base.lproj/LaunchScreen.storyboard; sourceTree = "<group>"; };
		ADEF042A1DD99509007D1E55 /* Info.plist */ = {isa = PBXFileReference; lastKnownFileType = text.plist.xml; path = Info.plist; sourceTree = "<group>"; };
		ADEF04301DD99AD9007D1E55 /* InterducePageViewController.swift */ = {isa = PBXFileReference; fileEncoding = 4; lastKnownFileType = sourcecode.swift; path = InterducePageViewController.swift; sourceTree = "<group>"; };
		ADEF04541DDEB5DA007D1E55 /* EditViewController.swift */ = {isa = PBXFileReference; fileEncoding = 4; lastKnownFileType = sourcecode.swift; path = EditViewController.swift; sourceTree = "<group>"; };
		ADEF04561DDEF316007D1E55 /* MyPlayground.playground */ = {isa = PBXFileReference; lastKnownFileType = file.playground; path = MyPlayground.playground; sourceTree = "<group>"; };
/* End PBXFileReference section */

/* Begin PBXFrameworksBuildPhase section */
		ADEF04181DD99509007D1E55 /* Frameworks */ = {
			isa = PBXFrameworksBuildPhase;
			buildActionMask = 2147483647;
			files = (
			);
			runOnlyForDeploymentPostprocessing = 0;
		};
/* End PBXFrameworksBuildPhase section */

/* Begin PBXGroup section */
		ADEF04121DD99509007D1E55 = {
			isa = PBXGroup;
			children = (
				ADEF041D1DD99509007D1E55 /* PostData */,
				ADEF041C1DD99509007D1E55 /* Products */,
			);
			sourceTree = "<group>";
		};
		ADEF041C1DD99509007D1E55 /* Products */ = {
			isa = PBXGroup;
			children = (
				ADEF041B1DD99509007D1E55 /* PostData.app */,
			);
			name = Products;
			sourceTree = "<group>";
		};
		ADEF041D1DD99509007D1E55 /* PostData */ = {
			isa = PBXGroup;
			children = (
				ADEF041E1DD99509007D1E55 /* AppDelegate.swift */,
				ADEF04201DD99509007D1E55 /* ViewController.swift */,
				ADEF04221DD99509007D1E55 /* Main.storyboard */,
				ADEF04561DDEF316007D1E55 /* MyPlayground.playground */,
				ADEF04541DDEB5DA007D1E55 /* EditViewController.swift */,
				ADEF04301DD99AD9007D1E55 /* InterducePageViewController.swift */,
				ADEF04251DD99509007D1E55 /* Assets.xcassets */,
				ADEF04271DD99509007D1E55 /* LaunchScreen.storyboard */,
				ADEF042A1DD99509007D1E55 /* Info.plist */,
			);
			path = PostData;
			sourceTree = "<group>";
		};
/* End PBXGroup section */

/* Begin PBXNativeTarget section */
		ADEF041A1DD99509007D1E55 /* PostData */ = {
			isa = PBXNativeTarget;
			buildConfigurationList = ADEF042D1DD99509007D1E55 /* Build configuration list for PBXNativeTarget "PostData" */;
			buildPhases = (
				ADEF04171DD99509007D1E55 /* Sources */,
				ADEF04181DD99509007D1E55 /* Frameworks */,
				ADEF04191DD99509007D1E55 /* Resources */,
			);
			buildRules = (
			);
			dependencies = (
			);
			name = PostData;
			productName = PostData;
			productReference = ADEF041B1DD99509007D1E55 /* PostData.app */;
			productType = "com.apple.product-type.application";
		};
/* End PBXNativeTarget section */

/* Begin PBXProject section */
		ADEF04131DD99509007D1E55 /* Project object */ = {
			isa = PBXProject;
			attributes = {
				LastSwiftUpdateCheck = 0810;
				LastUpgradeCheck = 0810;
				ORGANIZATIONNAME = "李小明";
				TargetAttributes = {
					ADEF041A1DD99509007D1E55 = {
						CreatedOnToolsVersion = 8.1;
						DevelopmentTeam = Q4Q9VP7TD9;
						ProvisioningStyle = Automatic;
					};
				};
			};
			buildConfigurationList = ADEF04161DD99509007D1E55 /* Build configuration list for PBXProject "PostData" */;
			compatibilityVersion = "Xcode 3.2";
			developmentRegion = English;
			hasScannedForEncodings = 0;
			knownRegions = (
				en,
				Base,
			);
			mainGroup = ADEF04121DD99509007D1E55;
			productRefGroup = ADEF041C1DD99509007D1E55 /* Products */;
			projectDirPath = "";
			projectRoot = "";
			targets = (
				ADEF041A1DD99509007D1E55 /* PostData */,
			);
		};
/* End PBXProject section */

/* Begin PBXResourcesBuildPhase section */
		ADEF04191DD99509007D1E55 /* Resources */ = {
			isa = PBXResourcesBuildPhase;
			buildActionMask = 2147483647;
			files = (
				ADEF04291DD99509007D1E55 /* LaunchScreen.storyboard in Resources */,
				ADEF04261DD99509007D1E55 /* Assets.xcassets in Resources */,
				ADEF04241DD99509007D1E55 /* Main.storyboard in Resources */,
			);
			runOnlyForDeploymentPostprocessing = 0;
		};
/* End PBXResourcesBuildPhase section */

/* Begin PBXSourcesBuildPhase section */
		ADEF04171DD99509007D1E55 /* Sources */ = {
			isa = PBXSourcesBuildPhase;
			buildActionMask = 2147483647;
			files = (
				ADEF04551DDEB5DA007D1E55 /* EditViewController.swift in Sources */,
				ADEF04211DD99509007D1E55 /* ViewController.swift in Sources */,
				ADEF041F1DD99509007D1E55 /* AppDelegate.swift in Sources */,
				ADEF04311DD99AD9007D1E55 /* InterducePageViewController.swift in Sources */,
			);
			runOnlyForDeploymentPostprocessing = 0;
		};
/* End PBXSourcesBuildPhase section */

/* Begin PBXVariantGroup section */
		ADEF04221DD99509007D1E55 /* Main.storyboard */ = {
			isa = PBXVariantGroup;
			children = (
				ADEF04231DD99509007D1E55 /* Base */,
			);
			name = Main.storyboard;
			sourceTree = "<group>";
		};
		ADEF04271DD99509007D1E55 /* LaunchScreen.storyboard */ = {
			isa = PBXVariantGroup;
			children = (
				ADEF04281DD99509007D1E55 /* Base */,
			);
			name = LaunchScreen.storyboard;
			sourceTree = "<group>";
		};
/* End PBXVariantGroup section */

/* Begin XCBuildConfiguration section */
		ADEF042B1DD99509007D1E55 /* Debug */ = {
			isa = XCBuildConfiguration;
			buildSettings = {
				ALWAYS_SEARCH_USER_PATHS = NO;
				CLANG_ANALYZER_NONNULL = YES;
				CLANG_CXX_LANGUAGE_STANDARD = "gnu++0x";
				CLANG_CXX_LIBRARY = "libc++";
				CLANG_ENABLE_MODULES = YES;
				CLANG_ENABLE_OBJC_ARC = YES;
				CLANG_WARN_BOOL_CONVERSION = YES;
				CLANG_WARN_CONSTANT_CONVERSION = YES;
				CLANG_WARN_DIRECT_OBJC_ISA_USAGE = YES_ERROR;
				CLANG_WARN_DOCUMENTATION_COMMENTS = YES;
				CLANG_WARN_EMPTY_BODY = YES;
				CLANG_WARN_ENUM_CONVERSION = YES;
				CLANG_WARN_INFINITE_RECURSION = YES;
				CLANG_WARN_INT_CONVERSION = YES;
				CLANG_WARN_OBJC_ROOT_CLASS = YES_ERROR;
				CLANG_WARN_SUSPICIOUS_MOVES = YES;
				CLANG_WARN_UNREACHABLE_CODE = YES;
				CLANG_WARN__DUPLICATE_METHOD_MATCH = YES;
				"CODE_SIGN_IDENTITY[sdk=iphoneos*]" = "iPhone Developer";
				COPY_PHASE_STRIP = NO;
				DEBUG_INFORMATION_FORMAT = dwarf;
				ENABLE_STRICT_OBJC_MSGSEND = YES;
				ENABLE_TESTABILITY = YES;
				GCC_C_LANGUAGE_STANDARD = gnu99;
				GCC_DYNAMIC_NO_PIC = NO;
				GCC_NO_COMMON_BLOCKS = YES;
				GCC_OPTIMIZATION_LEVEL = 0;
				GCC_PREPROCESSOR_DEFINITIONS = (
					"DEBUG=1",
					"$(inherited)",
				);
				GCC_WARN_64_TO_32_BIT_CONVERSION = YES;
				GCC_WARN_ABOUT_RETURN_TYPE = YES_ERROR;
				GCC_WARN_UNDECLARED_SELECTOR = YES;
				GCC_WARN_UNINITIALIZED_AUTOS = YES_AGGRESSIVE;
				GCC_WARN_UNUSED_FUNCTION = YES;
				GCC_WARN_UNUSED_VARIABLE = YES;
				IPHONEOS_DEPLOYMENT_TARGET = 10.1;
				MTL_ENABLE_DEBUG_INFO = YES;
				ONLY_ACTIVE_ARCH = YES;
				SDKROOT = iphoneos;
				SWIFT_ACTIVE_COMPILATION_CONDITIONS = DEBUG;
				SWIFT_OPTIMIZATION_LEVEL = "-Onone";
				TARGETED_DEVICE_FAMILY = "1,2";
			};
			name = Debug;
		};
		ADEF042C1DD99509007D1E55 /* Release */ = {
			isa = XCBuildConfiguration;
			buildSettings = {
				ALWAYS_SEARCH_USER_PATHS = NO;
				CLANG_ANALYZER_NONNULL = YES;
				CLANG_CXX_LANGUAGE_STANDARD = "gnu++0x";
				CLANG_CXX_LIBRARY = "libc++";
				CLANG_ENABLE_MODULES = YES;
				CLANG_ENABLE_OBJC_ARC = YES;
				CLANG_WARN_BOOL_CONVERSION = YES;
				CLANG_WARN_CONSTANT_CONVERSION = YES;
				CLANG_WARN_DIRECT_OBJC_ISA_USAGE = YES_ERROR;
				CLANG_WARN_DOCUMENTATION_COMMENTS = YES;
				CLANG_WARN_EMPTY_BODY = YES;
				CLANG_WARN_ENUM_CONVERSION = YES;
				CLANG_WARN_INFINITE_RECURSION = YES;
				CLANG_WARN_INT_CONVERSION = YES;
				CLANG_WARN_OBJC_ROOT_CLASS = YES_ERROR;
				CLANG_WARN_SUSPICIOUS_MOVES = YES;
				CLANG_WARN_UNREACHABLE_CODE = YES;
				CLANG_WARN__DUPLICATE_METHOD_MATCH = YES;
				"CODE_SIGN_IDENTITY[sdk=iphoneos*]" = "iPhone Developer";
				COPY_PHASE_STRIP = NO;
				DEBUG_INFORMATION_FORMAT = "dwarf-with-dsym";
				ENABLE_NS_ASSERTIONS = NO;
				ENABLE_STRICT_OBJC_MSGSEND = YES;
				GCC_C_LANGUAGE_STANDARD = gnu99;
				GCC_NO_COMMON_BLOCKS = YES;
				GCC_WARN_64_TO_32_BIT_CONVERSION = YES;
				GCC_WARN_ABOUT_RETURN_TYPE = YES_ERROR;
				GCC_WARN_UNDECLARED_SELECTOR = YES;
				GCC_WARN_UNINITIALIZED_AUTOS = YES_AGGRESSIVE;
				GCC_WARN_UNUSED_FUNCTION = YES;
				GCC_WARN_UNUSED_VARIABLE = YES;
				IPHONEOS_DEPLOYMENT_TARGET = 10.1;
				MTL_ENABLE_DEBUG_INFO = NO;
				SDKROOT = iphoneos;
				SWIFT_OPTIMIZATION_LEVEL = "-Owholemodule";
				TARGETED_DEVICE_FAMILY = "1,2";
				VALIDATE_PRODUCT = YES;
			};
			name = Release;
		};
		ADEF042E1DD99509007D1E55 /* Debug */ = {
			isa = XCBuildConfiguration;
			buildSettings = {
				ASSETCATALOG_COMPILER_APPICON_NAME = AppIcon;
				DEVELOPMENT_TEAM = Q4Q9VP7TD9;
				INFOPLIST_FILE = PostData/Info.plist;
				LD_RUNPATH_SEARCH_PATHS = "$(inherited) @executable_path/Frameworks";
				PRODUCT_BUNDLE_IDENTIFIER = appcoda.com;
				PRODUCT_NAME = "$(TARGET_NAME)";
				SWIFT_VERSION = 3.0;
			};
			name = Debug;
		};
		ADEF042F1DD99509007D1E55 /* Release */ = {
			isa = XCBuildConfiguration;
			buildSettings = {
				ASSETCATALOG_COMPILER_APPICON_NAME = AppIcon;
				DEVELOPMENT_TEAM = Q4Q9VP7TD9;
				INFOPLIST_FILE = PostData/Info.plist;
				LD_RUNPATH_SEARCH_PATHS = "$(inherited) @executable_path/Frameworks";
				PRODUCT_BUNDLE_IDENTIFIER = appcoda.com;
				PRODUCT_NAME = "$(TARGET_NAME)";
				SWIFT_VERSION = 3.0;
			};
			name = Release;
		};
/* End XCBuildConfiguration section */

/* Begin XCConfigurationList section */
		ADEF04161DD99509007D1E55 /* Build configuration list for PBXProject "PostData" */ = {
			isa = XCConfigurationList;
			buildConfigurations = (
				ADEF042B1DD99509007D1E55 /* Debug */,
				ADEF042C1DD99509007D1E55 /* Release */,
			);
			defaultConfigurationIsVisible = 0;
			defaultConfigurationName = Release;
		};
		ADEF042D1DD99509007D1E55 /* Build configuration list for PBXNativeTarget "PostData" */ = {
			isa = XCConfigurationList;
			buildConfigurations = (
				ADEF042E1DD99509007D1E55 /* Debug */,
				ADEF042F1DD99509007D1E55 /* Release */,
			);
			defaultConfigurationIsVisible = 0;
			defaultConfigurationName = Release;
		};
/* End XCConfigurationList section */
	};
	rootObject = ADEF04131DD99509007D1E55 /* Project object */;
}
